
Microsoft Visual Studio Solution File, Format Version 12.00
# Visual Studio Version 17
VisualStudioVersion = 17.6.33815.320
MinimumVisualStudioVersion = 10.0.40219.1
Project("{9A19103F-16F7-4668-BE54-9A1E7A4F7556}") = "RealRuins", "RealRuins.csproj", "{736347E2-654B-4043-B6A8-E6B9DADB3B11}"
EndProject
Global
	GlobalSection(SolutionConfigurationPlatforms) = preSolution
		Debug|Any CPU = Debug|Any CPU
		Release|Any CPU = Release|Any CPU
	EndGlobalSection
	GlobalSection(ProjectConfigurationPlatforms) = postSolution
		{736347E2-654B-4043-B6A8-E6B9DADB3B11}.Debug|Any CPU.ActiveCfg = Debug|Any CPU
		{736347E2-654B-4043-B6A8-E6B9DADB3B11}.Debug|Any CPU.Build.0 = Debug|Any CPU
		{736347E2-654B-4043-B6A8-E6B9DADB3B11}.Release|Any CPU.ActiveCfg = Release|Any CPU
		{736347E2-654B-4043-B6A8-E6B9DADB3B11}.Release|Any CPU.Build.0 = Release|Any CPU
	EndGlobalSection
	GlobalSection(SolutionProperties) = preSolution
		HideSolutionNode = FALSE
	EndGlobalSection
	GlobalSection(ExtensibilityGlobals) = postSolution
		SolutionGuid = {0F0FFD85-39C0-4CAC-A8D5-0F33E38DB59A}
	EndGlobalSection
	GlobalSection(MonoDevelopProperties) = preSolution
		Policies = $0
		$0.DotNetNamingPolicy = $1
		$1.DirectoryNamespaceAssociation = PrefixedHierarchical
		$0.TextStylePolicy = $2
		$2.inheritsSet = null
		$2.scope = application/config+xml
		$0.XmlFormattingPolicy = $3
		$3.inheritsSet = null
		$3.scope = application/config+xml
		$0.TextStylePolicy = $4
		$4.inheritsSet = null
		$4.scope = application/xml
		$0.XmlFormattingPolicy = $5
		$5.scope = application/xml
		$0.StandardHeader = $6
		outputpath = 1.5/Assemblies
	EndGlobalSection
EndGlobal
